<?xml version="1.0" encoding="UTF-8"?>
<Scheme
   version = "1.3">
   <BuildAction>
      <BuildActionEntries>
         <BuildActionEntry
            buildForRunning = "YES">
            <BuildableReference
               BuildableIdentifier = "primary"
               BlueprintIdentifier = "69E910E7236A033E00E45A4F"
               BuildableName = "CoreDataInMemoryFail.app"
               BlueprintName = "CoreDataInMemoryFail"
               ReferencedContainer = "container:CoreDataInMemoryFail.xcodeproj">
            </BuildableReference>
         </BuildActionEntry>
      </BuildActionEntries>
   </BuildAction>
   <LaunchAction
      useCustomWorkingDirectory = "NO"
      buildConfiguration = "Debug"
      allowLocationSimulation = "YES">
      <BuildableProductRunnable>
         <BuildableReference
            BuildableIdentifier = "primary"
            BlueprintIdentifier = "69E910E7236A033E00E45A4F"
            BuildableName = "CoreDataInMemoryFail.app"
            BlueprintName = "CoreDataInMemoryFail"
            ReferencedContainer = "container:CoreDataInMemoryFail.xcodeproj">
         </BuildableReference>
      </BuildableProductRunnable>
   </LaunchAction>
</Scheme>
